// !$*UTF8*$!
{
	archiveVersion = 1;
	classes = {
	};
	objectVersion = 50;
	objects = {

/* Begin PBXBuildFile section */
		3EAE6A7A2486918700B6842F /* AppDelegate.swift in Sources */ = {isa = PBXBuildFile; fileRef = 3EAE6A792486918700B6842F /* AppDelegate.swift */; };
		3EAE6A7C2486918700B6842F /* SceneDelegate.swift in Sources */ = {isa = PBXBuildFile; fileRef = 3EAE6A7B2486918700B6842F /* SceneDelegate.swift */; };
		3EAE6A7E2486918700B6842F /* WishListView.swift in Sources */ = {isa = PBXBuildFile; fileRef = 3EAE6A7D2486918700B6842F /* WishListView.swift */; };
		3EAE6A802486918900B6842F /* Assets.xcassets in Resources */ = {isa = PBXBuildFile; fileRef = 3EAE6A7F2486918900B6842F /* Assets.xcassets */; };
		3EAE6A832486918900B6842F /* Preview Assets.xcassets in Resources */ = {isa = PBXBuildFile; fileRef = 3EAE6A822486918900B6842F /* Preview Assets.xcassets */; };
		3EAE6A862486918900B6842F /* LaunchScreen.storyboard in Resources */ = {isa = PBXBuildFile; fileRef = 3EAE6A842486918900B6842F /* LaunchScreen.storyboard */; };
		3EAE6A912486918900B6842F /* WishListTests.swift in Sources */ = {isa = PBXBuildFile; fileRef = 3EAE6A902486918900B6842F /* WishListTests.swift */; };
		3EAE6A9C2486918900B6842F /* WishListUITests.swift in Sources */ = {isa = PBXBuildFile; fileRef = 3EAE6A9B2486918900B6842F /* WishListUITests.swift */; };
		8A94A809255398F30064CEF9 /* WishListItemDescriptionView.swift in Sources */ = {isa = PBXBuildFile; fileRef = 8A94A808255398F30064CEF9 /* WishListItemDescriptionView.swift */; };
		8A9BFEF72495EB3100C13855 /* WishListCell.swift in Sources */ = {isa = PBXBuildFile; fileRef = 8A9BFEF62495EB3100C13855 /* WishListCell.swift */; };
/* End PBXBuildFile section */

/* Begin PBXContainerItemProxy section */
		3EAE6A8D2486918900B6842F /* PBXContainerItemProxy */ = {
			isa = PBXContainerItemProxy;
			containerPortal = 3EAE6A6E2486918700B6842F /* Project object */;
			proxyType = 1;
			remoteGlobalIDString = 3EAE6A752486918700B6842F;
			remoteInfo = WishList;
		};
		3EAE6A982486918900B6842F /* PBXContainerItemProxy */ = {
			isa = PBXContainerItemProxy;
			containerPortal = 3EAE6A6E2486918700B6842F /* Project object */;
			proxyType = 1;
			remoteGlobalIDString = 3EAE6A752486918700B6842F;
			remoteInfo = WishList;
		};
/* End PBXContainerItemProxy section */

/* Begin PBXFileReference section */
		3EAE6A762486918700B6842F /* WishList.app */ = {isa = PBXFileReference; explicitFileType = wrapper.application; includeInIndex = 0; path = WishList.app; sourceTree = BUILT_PRODUCTS_DIR; };
		3EAE6A792486918700B6842F /* AppDelegate.swift */ = {isa = PBXFileReference; lastKnownFileType = sourcecode.swift; path = AppDelegate.swift; sourceTree = "<group>"; };
		3EAE6A7B2486918700B6842F /* SceneDelegate.swift */ = {isa = PBXFileReference; lastKnownFileType = sourcecode.swift; path = SceneDelegate.swift; sourceTree = "<group>"; };
		3EAE6A7D2486918700B6842F /* WishListView.swift */ = {isa = PBXFileReference; lastKnownFileType = sourcecode.swift; path = WishListView.swift; sourceTree = "<group>"; };
		3EAE6A7F2486918900B6842F /* Assets.xcassets */ = {isa = PBXFileReference; lastKnownFileType = folder.assetcatalog; path = Assets.xcassets; sourceTree = "<group>"; };
		3EAE6A822486918900B6842F /* Preview Assets.xcassets */ = {isa = PBXFileReference; lastKnownFileType = folder.assetcatalog; path = "Preview Assets.xcassets"; sourceTree = "<group>"; };
		3EAE6A852486918900B6842F /* Base */ = {isa = PBXFileReference; lastKnownFileType = file.storyboard; name = Base; path = Base.lproj/LaunchScreen.storyboard; sourceTree = "<group>"; };
		3EAE6A872486918900B6842F /* Info.plist */ = {isa = PBXFileReference; lastKnownFileType = text.plist.xml; path = Info.plist; sourceTree = "<group>"; };
		3EAE6A8C2486918900B6842F /* WishListTests.xctest */ = {isa = PBXFileReference; explicitFileType = wrapper.cfbundle; includeInIndex = 0; path = WishListTests.xctest; sourceTree = BUILT_PRODUCTS_DIR; };
		3EAE6A902486918900B6842F /* WishListTests.swift */ = {isa = PBXFileReference; lastKnownFileType = sourcecode.swift; path = WishListTests.swift; sourceTree = "<group>"; };
		3EAE6A922486918900B6842F /* Info.plist */ = {isa = PBXFileReference; lastKnownFileType = text.plist.xml; path = Info.plist; sourceTree = "<group>"; };
		3EAE6A972486918900B6842F /* WishListUITests.xctest */ = {isa = PBXFileReference; explicitFileType = wrapper.cfbundle; includeInIndex = 0; path = WishListUITests.xctest; sourceTree = BUILT_PRODUCTS_DIR; };
		3EAE6A9B2486918900B6842F /* WishListUITests.swift */ = {isa = PBXFileReference; lastKnownFileType = sourcecode.swift; path = WishListUITests.swift; sourceTree = "<group>"; };
		3EAE6A9D2486918900B6842F /* Info.plist */ = {isa = PBXFileReference; lastKnownFileType = text.plist.xml; path = Info.plist; sourceTree = "<group>"; };
		8A94A808255398F30064CEF9 /* WishListItemDescriptionView.swift */ = {isa = PBXFileReference; lastKnownFileType = sourcecode.swift; path = WishListItemDescriptionView.swift; sourceTree = "<group>"; };
		8A9BFEF62495EB3100C13855 /* WishListCell.swift */ = {isa = PBXFileReference; lastKnownFileType = sourcecode.swift; path = WishListCell.swift; sourceTree = "<group>"; };
/* End PBXFileReference section */

/* Begin PBXFrameworksBuildPhase section */
		3EAE6A732486918700B6842F /* Frameworks */ = {
			isa = PBXFrameworksBuildPhase;
			buildActionMask = 2147483647;
			files = (
			);
			runOnlyForDeploymentPostprocessing = 0;
		};
		3EAE6A892486918900B6842F /* Frameworks */ = {
			isa = PBXFrameworksBuildPhase;
			buildActionMask = 2147483647;
			files = (
			);
			runOnlyForDeploymentPostprocessing = 0;
		};
		3EAE6A942486918900B6842F /* Frameworks */ = {
			isa = PBXFrameworksBuildPhase;
			buildActionMask = 2147483647;
			files = (
			);
			runOnlyForDeploymentPostprocessing = 0;
		};
/* End PBXFrameworksBuildPhase section */

/* Begin PBXGroup section */
		3E6D42DF248F496300C9EBC8 /* Views */ = {
			isa = PBXGroup;
			children = (
				3EAE6A7D2486918700B6842F /* WishListView.swift */,
				8A94A808255398F30064CEF9 /* WishListItemDescriptionView.swift */,
			);
			name = Views;
			sourceTree = "<group>";
		};
		3E6D42E0248F496D00C9EBC8 /* Supporting Views */ = {
			isa = PBXGroup;
			children = (
				8A9BFEF62495EB3100C13855 /* WishListCell.swift */,
			);
			name = "Supporting Views";
			sourceTree = "<group>";
		};
		3E6D42E124908E3B00C9EBC8 /* Models */ = {
			isa = PBXGroup;
			children = (
			);
			path = Models;
			sourceTree = "<group>";
		};
		3E6D42E5249229EE00C9EBC8 /* Controller */ = {
			isa = PBXGroup;
			children = (
			);
			name = Controller;
			sourceTree = "<group>";
		};
		3EAE6A6D2486918700B6842F = {
			isa = PBXGroup;
			children = (
				3EAE6A782486918700B6842F /* WishList */,
				3EAE6A8F2486918900B6842F /* WishListTests */,
				3EAE6A9A2486918900B6842F /* WishListUITests */,
				3EAE6A772486918700B6842F /* Products */,
			);
			sourceTree = "<group>";
		};
		3EAE6A772486918700B6842F /* Products */ = {
			isa = PBXGroup;
			children = (
				3EAE6A762486918700B6842F /* WishList.app */,
				3EAE6A8C2486918900B6842F /* WishListTests.xctest */,
				3EAE6A972486918900B6842F /* WishListUITests.xctest */,
			);
			name = Products;
			sourceTree = "<group>";
		};
		3EAE6A782486918700B6842F /* WishList */ = {
			isa = PBXGroup;
			children = (
				3E6D42E5249229EE00C9EBC8 /* Controller */,
				3E6D42E124908E3B00C9EBC8 /* Models */,
				3E6D42E0248F496D00C9EBC8 /* Supporting Views */,
				3E6D42DF248F496300C9EBC8 /* Views */,
				3EAE6A792486918700B6842F /* AppDelegate.swift */,
				3EAE6A7B2486918700B6842F /* SceneDelegate.swift */,
				3EAE6A7F2486918900B6842F /* Assets.xcassets */,
				3EAE6A842486918900B6842F /* LaunchScreen.storyboard */,
				3EAE6A872486918900B6842F /* Info.plist */,
				3EAE6A812486918900B6842F /* Preview Content */,
			);
			path = WishList;
			sourceTree = "<group>";
		};
		3EAE6A812486918900B6842F /* Preview Content */ = {
			isa = PBXGroup;
			children = (
				3EAE6A822486918900B6842F /* Preview Assets.xcassets */,
			);
			path = "Preview Content";
			sourceTree = "<group>";
		};
		3EAE6A8F2486918900B6842F /* WishListTests */ = {
			isa = PBXGroup;
			children = (
				3EAE6A902486918900B6842F /* WishListTests.swift */,
				3EAE6A922486918900B6842F /* Info.plist */,
			);
			path = WishListTests;
			sourceTree = "<group>";
		};
		3EAE6A9A2486918900B6842F /* WishListUITests */ = {
			isa = PBXGroup;
			children = (
				3EAE6A9B2486918900B6842F /* WishListUITests.swift */,
				3EAE6A9D2486918900B6842F /* Info.plist */,
			);
			path = WishListUITests;
			sourceTree = "<group>";
		};
/* End PBXGroup section */

/* Begin PBXNativeTarget section */
		3EAE6A752486918700B6842F /* WishList */ = {
			isa = PBXNativeTarget;
			buildConfigurationList = 3EAE6AA02486918900B6842F /* Build configuration list for PBXNativeTarget "WishList" */;
			buildPhases = (
				3EAE6A722486918700B6842F /* Sources */,
				3EAE6A732486918700B6842F /* Frameworks */,
				3EAE6A742486918700B6842F /* Resources */,
			);
			buildRules = (
			);
			dependencies = (
			);
			name = WishList;
			productName = WishList;
			productReference = 3EAE6A762486918700B6842F /* WishList.app */;
			productType = "com.apple.product-type.application";
		};
		3EAE6A8B2486918900B6842F /* WishListTests */ = {
			isa = PBXNativeTarget;
			buildConfigurationList = 3EAE6AA32486918900B6842F /* Build configuration list for PBXNativeTarget "WishListTests" */;
			buildPhases = (
				3EAE6A882486918900B6842F /* Sources */,
				3EAE6A892486918900B6842F /* Frameworks */,
				3EAE6A8A2486918900B6842F /* Resources */,
			);
			buildRules = (
			);
			dependencies = (
				3EAE6A8E2486918900B6842F /* PBXTargetDependency */,
			);
			name = WishListTests;
			productName = WishListTests;
			productReference = 3EAE6A8C2486918900B6842F /* WishListTests.xctest */;
			productType = "com.apple.product-type.bundle.unit-test";
		};
		3EAE6A962486918900B6842F /* WishListUITests */ = {
			isa = PBXNativeTarget;
			buildConfigurationList = 3EAE6AA62486918900B6842F /* Build configuration list for PBXNativeTarget "WishListUITests" */;
			buildPhases = (
				3EAE6A932486918900B6842F /* Sources */,
				3EAE6A942486918900B6842F /* Frameworks */,
				3EAE6A952486918900B6842F /* Resources */,
			);
			buildRules = (
			);
			dependencies = (
				3EAE6A992486918900B6842F /* PBXTargetDependency */,
			);
			name = WishListUITests;
			productName = WishListUITests;
			productReference = 3EAE6A972486918900B6842F /* WishListUITests.xctest */;
			productType = "com.apple.product-type.bundle.ui-testing";
		};
/* End PBXNativeTarget section */

/* Begin PBXProject section */
		3EAE6A6E2486918700B6842F /* Project object */ = {
			isa = PBXProject;
			attributes = {
				LastSwiftUpdateCheck = 1130;
				LastUpgradeCheck = 1130;
				ORGANIZATIONNAME = "Satou Koutarou";
				TargetAttributes = {
					3EAE6A752486918700B6842F = {
						CreatedOnToolsVersion = 11.3;
					};
					3EAE6A8B2486918900B6842F = {
						CreatedOnToolsVersion = 11.3;
						TestTargetID = 3EAE6A752486918700B6842F;
					};
					3EAE6A962486918900B6842F = {
						CreatedOnToolsVersion = 11.3;
						TestTargetID = 3EAE6A752486918700B6842F;
					};
				};
			};
			buildConfigurationList = 3EAE6A712486918700B6842F /* Build configuration list for PBXProject "WishList" */;
			compatibilityVersion = "Xcode 9.3";
			developmentRegion = en;
			hasScannedForEncodings = 0;
			knownRegions = (
				en,
				Base,
			);
			mainGroup = 3EAE6A6D2486918700B6842F;
			productRefGroup = 3EAE6A772486918700B6842F /* Products */;
			projectDirPath = "";
			projectRoot = "";
			targets = (
				3EAE6A752486918700B6842F /* WishList */,
				3EAE6A8B2486918900B6842F /* WishListTests */,
				3EAE6A962486918900B6842F /* WishListUITests */,
			);
		};
/* End PBXProject section */

/* Begin PBXResourcesBuildPhase section */
		3EAE6A742486918700B6842F /* Resources */ = {
			isa = PBXResourcesBuildPhase;
			buildActionMask = 2147483647;
			files = (
				3EAE6A862486918900B6842F /* LaunchScreen.storyboard in Resources */,
				3EAE6A832486918900B6842F /* Preview Assets.xcassets in Resources */,
				3EAE6A802486918900B6842F /* Assets.xcassets in Resources */,
			);
			runOnlyForDeploymentPostprocessing = 0;
		};
		3EAE6A8A2486918900B6842F /* Resources */ = {
			isa = PBXResourcesBuildPhase;
			buildActionMask = 2147483647;
			files = (
			);
			runOnlyForDeploymentPostprocessing = 0;
		};
		3EAE6A952486918900B6842F /* Resources */ = {
			isa = PBXResourcesBuildPhase;
			buildActionMask = 2147483647;
			files = (
			);
			runOnlyForDeploymentPostprocessing = 0;
		};
/* End PBXResourcesBuildPhase section */

/* Begin PBXSourcesBuildPhase section */
		3EAE6A722486918700B6842F /* Sources */ = {
			isa = PBXSourcesBuildPhase;
			buildActionMask = 2147483647;
			files = (
				3EAE6A7A2486918700B6842F /* AppDelegate.swift in Sources */,
				3EAE6A7C2486918700B6842F /* SceneDelegate.swift in Sources */,
				8A94A809255398F30064CEF9 /* WishListItemDescriptionView.swift in Sources */,
				3EAE6A7E2486918700B6842F /* WishListView.swift in Sources */,
				8A9BFEF72495EB3100C13855 /* WishListCell.swift in Sources */,
			);
			runOnlyForDeploymentPostprocessing = 0;
		};
		3EAE6A882486918900B6842F /* Sources */ = {
			isa = PBXSourcesBuildPhase;
			buildActionMask = 2147483647;
			files = (
				3EAE6A912486918900B6842F /* WishListTests.swift in Sources */,
			);
			runOnlyForDeploymentPostprocessing = 0;
		};
		3EAE6A932486918900B6842F /* Sources */ = {
			isa = PBXSourcesBuildPhase;
			buildActionMask = 2147483647;
			files = (
				3EAE6A9C2486918900B6842F /* WishListUITests.swift in Sources */,
			);
			runOnlyForDeploymentPostprocessing = 0;
		};
/* End PBXSourcesBuildPhase section */

/* Begin PBXTargetDependency section */
		3EAE6A8E2486918900B6842F /* PBXTargetDependency */ = {
			isa = PBXTargetDependency;
			target = 3EAE6A752486918700B6842F /* WishList */;
			targetProxy = 3EAE6A8D2486918900B6842F /* PBXContainerItemProxy */;
		};
		3EAE6A992486918900B6842F /* PBXTargetDependency */ = {
			isa = PBXTargetDependency;
			target = 3EAE6A752486918700B6842F /* WishList */;
			targetProxy = 3EAE6A982486918900B6842F /* PBXContainerItemProxy */;
		};
/* End PBXTargetDependency section */

/* Begin PBXVariantGroup section */
		3EAE6A842486918900B6842F /* LaunchScreen.storyboard */ = {
			isa = PBXVariantGroup;
			children = (
				3EAE6A852486918900B6842F /* Base */,
			);
			name = LaunchScreen.storyboard;
			sourceTree = "<group>";
		};
/* End PBXVariantGroup section */

/* Begin XCBuildConfiguration section */
		3EAE6A9E2486918900B6842F /* Debug */ = {
			isa = XCBuildConfiguration;
			buildSettings = {
				ALWAYS_SEARCH_USER_PATHS = NO;
				CLANG_ANALYZER_NONNULL = YES;
				CLANG_ANALYZER_NUMBER_OBJECT_CONVERSION = YES_AGGRESSIVE;
				CLANG_CXX_LANGUAGE_STANDARD = "gnu++14";
				CLANG_CXX_LIBRARY = "libc++";
				CLANG_ENABLE_MODULES = YES;
				CLANG_ENABLE_OBJC_ARC = YES;
				CLANG_ENABLE_OBJC_WEAK = YES;
				CLANG_WARN_BLOCK_CAPTURE_AUTORELEASING = YES;
				CLANG_WARN_BOOL_CONVERSION = YES;
				CLANG_WARN_COMMA = YES;
				CLANG_WARN_CONSTANT_CONVERSION = YES;
				CLANG_WARN_DEPRECATED_OBJC_IMPLEMENTATIONS = YES;
				CLANG_WARN_DIRECT_OBJC_ISA_USAGE = YES_ERROR;
				CLANG_WARN_DOCUMENTATION_COMMENTS = YES;
				CLANG_WARN_EMPTY_BODY = YES;
				CLANG_WARN_ENUM_CONVERSION = YES;
				CLANG_WARN_INFINITE_RECURSION = YES;
				CLANG_WARN_INT_CONVERSION = YES;
				CLANG_WARN_NON_LITERAL_NULL_CONVERSION = YES;
				CLANG_WARN_OBJC_IMPLICIT_RETAIN_SELF = YES;
				CLANG_WARN_OBJC_LITERAL_CONVERSION = YES;
				CLANG_WARN_OBJC_ROOT_CLASS = YES_ERROR;
				CLANG_WARN_RANGE_LOOP_ANALYSIS = YES;
				CLANG_WARN_STRICT_PROTOTYPES = YES;
				CLANG_WARN_SUSPICIOUS_MOVE = YES;
				CLANG_WARN_UNGUARDED_AVAILABILITY = YES_AGGRESSIVE;
				CLANG_WARN_UNREACHABLE_CODE = YES;
				CLANG_WARN__DUPLICATE_METHOD_MATCH = YES;
				COPY_PHASE_STRIP = NO;
				DEBUG_INFORMATION_FORMAT = dwarf;
				ENABLE_STRICT_OBJC_MSGSEND = YES;
				ENABLE_TESTABILITY = YES;
				GCC_C_LANGUAGE_STANDARD = gnu11;
				GCC_DYNAMIC_NO_PIC = NO;
				GCC_NO_COMMON_BLOCKS = YES;
				GCC_OPTIMIZATION_LEVEL = 0;
				GCC_PREPROCESSOR_DEFINITIONS = (
					"DEBUG=1",
					"$(inherited)",
				);
				GCC_WARN_64_TO_32_BIT_CONVERSION = YES;
				GCC_WARN_ABOUT_RETURN_TYPE = YES_ERROR;
				GCC_WARN_UNDECLARED_SELECTOR = YES;
				GCC_WARN_UNINITIALIZED_AUTOS = YES_AGGRESSIVE;
				GCC_WARN_UNUSED_FUNCTION = YES;
				GCC_WARN_UNUSED_VARIABLE = YES;
				IPHONEOS_DEPLOYMENT_TARGET = 13.2;
				MTL_ENABLE_DEBUG_INFO = INCLUDE_SOURCE;
				MTL_FAST_MATH = YES;
				ONLY_ACTIVE_ARCH = YES;
				SDKROOT = iphoneos;
				SWIFT_ACTIVE_COMPILATION_CONDITIONS = DEBUG;
				SWIFT_OPTIMIZATION_LEVEL = "-Onone";
			};
			name = Debug;
		};
		3EAE6A9F2486918900B6842F /* Release */ = {
			isa = XCBuildConfiguration;
			buildSettings = {
				ALWAYS_SEARCH_USER_PATHS = NO;
				CLANG_ANALYZER_NONNULL = YES;
				CLANG_ANALYZER_NUMBER_OBJECT_CONVERSION = YES_AGGRESSIVE;
				CLANG_CXX_LANGUAGE_STANDARD = "gnu++14";
				CLANG_CXX_LIBRARY = "libc++";
				CLANG_ENABLE_MODULES = YES;
				CLANG_ENABLE_OBJC_ARC = YES;
				CLANG_ENABLE_OBJC_WEAK = YES;
				CLANG_WARN_BLOCK_CAPTURE_AUTORELEASING = YES;
				CLANG_WARN_BOOL_CONVERSION = YES;
				CLANG_WARN_COMMA = YES;
				CLANG_WARN_CONSTANT_CONVERSION = YES;
				CLANG_WARN_DEPRECATED_OBJC_IMPLEMENTATIONS = YES;
				CLANG_WARN_DIRECT_OBJC_ISA_USAGE = YES_ERROR;
				CLANG_WARN_DOCUMENTATION_COMMENTS = YES;
				CLANG_WARN_EMPTY_BODY = YES;
				CLANG_WARN_ENUM_CONVERSION = YES;
				CLANG_WARN_INFINITE_RECURSION = YES;
				CLANG_WARN_INT_CONVERSION = YES;
				CLANG_WARN_NON_LITERAL_NULL_CONVERSION = YES;
				CLANG_WARN_OBJC_IMPLICIT_RETAIN_SELF = YES;
				CLANG_WARN_OBJC_LITERAL_CONVERSION = YES;
				CLANG_WARN_OBJC_ROOT_CLASS = YES_ERROR;
				CLANG_WARN_RANGE_LOOP_ANALYSIS = YES;
				CLANG_WARN_STRICT_PROTOTYPES = YES;
				CLANG_WARN_SUSPICIOUS_MOVE = YES;
				CLANG_WARN_UNGUARDED_AVAILABILITY = YES_AGGRESSIVE;
				CLANG_WARN_UNREACHABLE_CODE = YES;
				CLANG_WARN__DUPLICATE_METHOD_MATCH = YES;
				COPY_PHASE_STRIP = NO;
				DEBUG_INFORMATION_FORMAT = "dwarf-with-dsym";
				ENABLE_NS_ASSERTIONS = NO;
				ENABLE_STRICT_OBJC_MSGSEND = YES;
				GCC_C_LANGUAGE_STANDARD = gnu11;
				GCC_NO_COMMON_BLOCKS = YES;
				GCC_WARN_64_TO_32_BIT_CONVERSION = YES;
				GCC_WARN_ABOUT_RETURN_TYPE = YES_ERROR;
				GCC_WARN_UNDECLARED_SELECTOR = YES;
				GCC_WARN_UNINITIALIZED_AUTOS = YES_AGGRESSIVE;
				GCC_WARN_UNUSED_FUNCTION = YES;
				GCC_WARN_UNUSED_VARIABLE = YES;
				IPHONEOS_DEPLOYMENT_TARGET = 13.2;
				MTL_ENABLE_DEBUG_INFO = NO;
				MTL_FAST_MATH = YES;
				SDKROOT = iphoneos;
				SWIFT_COMPILATION_MODE = wholemodule;
				SWIFT_OPTIMIZATION_LEVEL = "-O";
				VALIDATE_PRODUCT = YES;
			};
			name = Release;
		};
		3EAE6AA12486918900B6842F /* Debug */ = {
			isa = XCBuildConfiguration;
			buildSettings = {
				ASSETCATALOG_COMPILER_APPICON_NAME = AppIcon;
				CODE_SIGN_STYLE = Automatic;
				DEVELOPMENT_ASSET_PATHS = "\"WishList/Preview Content\"";
				ENABLE_PREVIEWS = YES;
				INFOPLIST_FILE = WishList/Info.plist;
				LD_RUNPATH_SEARCH_PATHS = (
					"$(inherited)",
					"@executable_path/Frameworks",
				);
				PRODUCT_BUNDLE_IDENTIFIER = jp.co.kotaro.WishList;
				PRODUCT_NAME = "$(TARGET_NAME)";
				SWIFT_VERSION = 5.0;
				TARGETED_DEVICE_FAMILY = "1,2";
			};
			name = Debug;
		};
		3EAE6AA22486918900B6842F /* Release */ = {
			isa = XCBuildConfiguration;
			buildSettings = {
				ASSETCATALOG_COMPILER_APPICON_NAME = AppIcon;
				CODE_SIGN_STYLE = Automatic;
				DEVELOPMENT_ASSET_PATHS = "\"WishList/Preview Content\"";
				ENABLE_PREVIEWS = YES;
				INFOPLIST_FILE = WishList/Info.plist;
				LD_RUNPATH_SEARCH_PATHS = (
					"$(inherited)",
					"@executable_path/Frameworks",
				);
				PRODUCT_BUNDLE_IDENTIFIER = jp.co.kotaro.WishList;
				PRODUCT_NAME = "$(TARGET_NAME)";
				SWIFT_VERSION = 5.0;
				TARGETED_DEVICE_FAMILY = "1,2";
			};
			name = Release;
		};
		3EAE6AA42486918900B6842F /* Debug */ = {
			isa = XCBuildConfiguration;
			buildSettings = {
				ALWAYS_EMBED_SWIFT_STANDARD_LIBRARIES = YES;
				BUNDLE_LOADER = "$(TEST_HOST)";
				CODE_SIGN_STYLE = Automatic;
				INFOPLIST_FILE = WishListTests/Info.plist;
				IPHONEOS_DEPLOYMENT_TARGET = 13.2;
				LD_RUNPATH_SEARCH_PATHS = (
					"$(inherited)",
					"@executable_path/Frameworks",
					"@loader_path/Frameworks",
				);
				PRODUCT_BUNDLE_IDENTIFIER = jp.co.kotaro.WishListTests;
				PRODUCT_NAME = "$(TARGET_NAME)";
				SWIFT_VERSION = 5.0;
				TARGETED_DEVICE_FAMILY = "1,2";
				TEST_HOST = "$(BUILT_PRODUCTS_DIR)/WishList.app/WishList";
			};
			name = Debug;
		};
		3EAE6AA52486918900B6842F /* Release */ = {
			isa = XCBuildConfiguration;
			buildSettings = {
				ALWAYS_EMBED_SWIFT_STANDARD_LIBRARIES = YES;
				BUNDLE_LOADER = "$(TEST_HOST)";
				CODE_SIGN_STYLE = Automatic;
				INFOPLIST_FILE = WishListTests/Info.plist;
				IPHONEOS_DEPLOYMENT_TARGET = 13.2;
				LD_RUNPATH_SEARCH_PATHS = (
					"$(inherited)",
					"@executable_path/Frameworks",
					"@loader_path/Frameworks",
				);
				PRODUCT_BUNDLE_IDENTIFIER = jp.co.kotaro.WishListTests;
				PRODUCT_NAME = "$(TARGET_NAME)";
				SWIFT_VERSION = 5.0;
				TARGETED_DEVICE_FAMILY = "1,2";
				TEST_HOST = "$(BUILT_PRODUCTS_DIR)/WishList.app/WishList";
			};
			name = Release;
		};
		3EAE6AA72486918900B6842F /* Debug */ = {
			isa = XCBuildConfiguration;
			buildSettings = {
				ALWAYS_EMBED_SWIFT_STANDARD_LIBRARIES = YES;
				CODE_SIGN_STYLE = Automatic;
				INFOPLIST_FILE = WishListUITests/Info.plist;
				LD_RUNPATH_SEARCH_PATHS = (
					"$(inherited)",
					"@executable_path/Frameworks",
					"@loader_path/Frameworks",
				);
				PRODUCT_BUNDLE_IDENTIFIER = jp.co.kotaro.WishListUITests;
				PRODUCT_NAME = "$(TARGET_NAME)";
				SWIFT_VERSION = 5.0;
				TARGETED_DEVICE_FAMILY = "1,2";
				TEST_TARGET_NAME = WishList;
			};
			name = Debug;
		};
		3EAE6AA82486918900B6842F /* Release */ = {
			isa = XCBuildConfiguration;
			buildSettings = {
				ALWAYS_EMBED_SWIFT_STANDARD_LIBRARIES = YES;
				CODE_SIGN_STYLE = Automatic;
				INFOPLIST_FILE = WishListUITests/Info.plist;
				LD_RUNPATH_SEARCH_PATHS = (
					"$(inherited)",
					"@executable_path/Frameworks",
					"@loader_path/Frameworks",
				);
				PRODUCT_BUNDLE_IDENTIFIER = jp.co.kotaro.WishListUITests;
				PRODUCT_NAME = "$(TARGET_NAME)";
				SWIFT_VERSION = 5.0;
				TARGETED_DEVICE_FAMILY = "1,2";
				TEST_TARGET_NAME = WishList;
			};
			name = Release;
		};
/* End XCBuildConfiguration section */

/* Begin XCConfigurationList section */
		3EAE6A712486918700B6842F /* Build configuration list for PBXProject "WishList" */ = {
			isa = XCConfigurationList;
			buildConfigurations = (
				3EAE6A9E2486918900B6842F /* Debug */,
				3EAE6A9F2486918900B6842F /* Release */,
			);
			defaultConfigurationIsVisible = 0;
			defaultConfigurationName = Release;
		};
		3EAE6AA02486918900B6842F /* Build configuration list for PBXNativeTarget "WishList" */ = {
			isa = XCConfigurationList;
			buildConfigurations = (
				3EAE6AA12486918900B6842F /* Debug */,
				3EAE6AA22486918900B6842F /* Release */,
			);
			defaultConfigurationIsVisible = 0;
			defaultConfigurationName = Release;
		};
		3EAE6AA32486918900B6842F /* Build configuration list for PBXNativeTarget "WishListTests" */ = {
			isa = XCConfigurationList;
			buildConfigurations = (
				3EAE6AA42486918900B6842F /* Debug */,
				3EAE6AA52486918900B6842F /* Release */,
			);
			defaultConfigurationIsVisible = 0;
			defaultConfigurationName = Release;
		};
		3EAE6AA62486918900B6842F /* Build configuration list for PBXNativeTarget "WishListUITests" */ = {
			isa = XCConfigurationList;
			buildConfigurations = (
				3EAE6AA72486918900B6842F /* Debug */,
				3EAE6AA82486918900B6842F /* Release */,
			);
			defaultConfigurationIsVisible = 0;
			defaultConfigurationName = Release;
		};
/* End XCConfigurationList section */
	};
	rootObject = 3EAE6A6E2486918700B6842F /* Project object */;
}
